Microsoft Visual Studio Solution File, Format Version 12.00
# Visual Studio Version 18
VisualStudioVersion = 18.2.11415.280 d18.0
MinimumVisualStudioVersion = 10.0.40219.1
Project("{2150E333-8FDC-42A3-9474-1A3956D46DE8}") = "Presentation", "Presentation", "{02EA681E-C7D8-13C7-8484-4AC65E1B71E8}"
EndProject
Project("{FAE04EC0-301F-11D3-BF4B-00C04F79EFBC}") = "MyOnion.WebApi", "MyOnion\src\MyOnion.WebApi\MyOnion.WebApi.csproj", "{09ED3953-39A7-4036-9ADA-6577D9C70622}"
EndProject
Project("{2150E333-8FDC-42A3-9474-1A3956D46DE8}") = "Core", "Core", "{B8CEAEAA-65A2-4D96-8384-9CCCA8BCD026}"
EndProject
Project("{FAE04EC0-301F-11D3-BF4B-00C04F79EFBC}") = "MyOnion.Application", "MyOnion\src\MyOnion.Application\MyOnion.Application.csproj", "{2994F2C3-0613-4F55-BB34-0987A0BBFDD4}"
EndProject
Project("{FAE04EC0-301F-11D3-BF4B-00C04F79EFBC}") = "MyOnion.Domain", "MyOnion\src\MyOnion.Domain\MyOnion.Domain.csproj", "{699F5C1F-D117-4FD4-9CF8-EE600B0EB778}"
EndProject
Project("{2150E333-8FDC-42A3-9474-1A3956D46DE8}") = "Infrastructure", "Infrastructure", "{4A610647-E7D3-4F67-AAC0-616170D1AAFB}"
EndProject
Project("{FAE04EC0-301F-11D3-BF4B-00C04F79EFBC}") = "MyOnion.Infrastructure.Persistence", "MyOnion\src\MyOnion.Infrastructure.Persistence\MyOnion.Infrastructure.Persistence.csproj", "{9A33E22A-DA6E-454E-895A-768289FA1119}"
EndProject
Project("{FAE04EC0-301F-11D3-BF4B-00C04F79EFBC}") = "MyOnion.Infrastructure.Shared", "MyOnion\src\MyOnion.Infrastructure.Shared\MyOnion.Infrastructure.Shared.csproj", "{8D2AA125-BECA-414D-AF77-70D55950F380}"
EndProject
Project("{2150E333-8FDC-42A3-9474-1A3956D46DE8}") = "Solution Items", "Solution Items", "{8EC462FD-D22E-90A8-E5CE-7E832BA40C5D}"
EndProject
Project("{2150E333-8FDC-42A3-9474-1A3956D46DE8}") = "Tests", "Tests", "{DB82AE70-76E5-D76A-C66A-5F02FE794F50}"
EndProject
Project("{FAE04EC0-301F-11D3-BF4B-00C04F79EFBC}") = "MyOnion.Application.Tests", "MyOnion\tests\MyOnion.Application.Tests\MyOnion.Application.Tests.csproj", "{795F5FF7-D863-4F17-8724-AF63171D062B}"
EndProject
Project("{FAE04EC0-301F-11D3-BF4B-00C04F79EFBC}") = "MyOnion.Infrastructure.Tests", "MyOnion\tests\MyOnion.Infrastructure.Tests\MyOnion.Infrastructure.Tests.csproj", "{259DDF53-EAE0-4A3A-9E9E-464A4F148C93}"
EndProject
Project("{FAE04EC0-301F-11D3-BF4B-00C04F79EFBC}") = "MyOnion.WebApi.Tests", "MyOnion\tests\MyOnion.WebApi.Tests\MyOnion.WebApi.Tests.csproj", "{D123FCB2-AA53-45E7-88B8-C81104C57F4C}"
EndProject
Project("{2150E333-8FDC-42A3-9474-1A3956D46DE8}") = "Scripts", "Scripts", "{970105CD-17A1-432B-9380-266245D30F44}"
	ProjectSection(SolutionItems) = preProject
		MyOnion\scripts\Build-OnionTemplate.ps1 = MyOnion\scripts\Build-OnionTemplate.ps1
		MyOnion\scripts\Create-DevCert.ps1 = MyOnion\scripts\Create-DevCert.ps1
		MyOnion\scripts\Install-OnionTemplateLocally.ps1 = MyOnion\scripts\Install-OnionTemplateLocally.ps1
	EndProjectSection
EndProject
Project("{2150E333-8FDC-42A3-9474-1A3956D46DE8}") = "Docs", "Docs", "{50A5EEAC-F7BC-4A33-8708-BA75054DC7C7}"
	ProjectSection(SolutionItems) = preProject
		MyOnion\docs\blog-ardalis-specification-upgrade.md = MyOnion\docs\blog-ardalis-specification-upgrade.md
		MyOnion\docs\blog-data-shaping.md = MyOnion\docs\blog-data-shaping.md
		MyOnion\docs\blog-easycaching.md = MyOnion\docs\blog-easycaching.md
		MyOnion\docs\blog-email-test-script.md = MyOnion\docs\blog-email-test-script.md
		MyOnion\docs\blog-email-features.md = MyOnion\docs\blog-email-features.md
		MyOnion\docs\blog-endpoint-timing.md = MyOnion\docs\blog-endpoint-timing.md
		MyOnion\docs\blog-feature-management.md = MyOnion\docs\blog-feature-management.md
		MyOnion\docs\blog-mediator-mapster-replacement.md = MyOnion\docs\blog-mediator-mapster-replacement.md
		MyOnion\docs\blog-position-testing.md = MyOnion\docs\blog-position-testing.md
		MyOnion\docs\blog-result-pattern.md = MyOnion\docs\blog-result-pattern.md
		MyOnion\docs\blog-specification-pattern.md = MyOnion\docs\blog-specification-pattern.md
		MyOnion\docs\blog-template-onion-api-net10.md = MyOnion\docs\blog-template-onion-api-net10.md
		MyOnion\docs\design-email-multiple-recipients.md = MyOnion\docs\design-email-multiple-recipients.md
		MyOnion\docs\design-email-templates.md = MyOnion\docs\design-email-templates.md
		MyOnion\docs\design-guid-assignment.md = MyOnion\docs\design-guid-assignment.md
		MyOnion\docs\design-result-pattern.md = MyOnion\docs\design-result-pattern.md
		MyOnion\docs\design-value-object.md = MyOnion\docs\design-value-object.md
		MyOnion\docs\github-release-10.1.3.md = MyOnion\docs\github-release-10.1.3.md
		MyOnion\docs\plan-ardalis-specification-upgrade.md = MyOnion\docs\plan-ardalis-specification-upgrade.md
		MyOnion\docs\plan-automapper-replacement-mapster.md = MyOnion\docs\plan-automapper-replacement-mapster.md
		MyOnion\docs\plan-caching-feature.md = MyOnion\docs\plan-caching-feature.md
		MyOnion\docs\plan-dashboard-api.md = MyOnion\docs\plan-dashboard-api.md
		MyOnion\docs\plan-data-shaping-upgrade.md = MyOnion\docs\plan-data-shaping-upgrade.md
		MyOnion\docs\plan-docker-support.md = MyOnion\docs\plan-docker-support.md
		MyOnion\docs\plan-easycaching-migration.md = MyOnion\docs\plan-easycaching-migration.md
		MyOnion\docs\plan-email-controller-angular-integration.md = MyOnion\docs\plan-email-controller-angular-integration.md
		MyOnion\docs\plan-endpoint-timing.md = MyOnion\docs\plan-endpoint-timing.md
		MyOnion\docs\plan-feature-flag-management.md = MyOnion\docs\plan-feature-flag-management.md
		MyOnion\docs\plan-folder-restructure.md = MyOnion\docs\plan-folder-restructure.md
		MyOnion\docs\plan-mediatr-replacement.md = MyOnion\docs\plan-mediatr-replacement.md
		MyOnion\docs\plan-net10-upgrade.md = MyOnion\docs\plan-net10-upgrade.md
		MyOnion\docs\plan-openapi-swagger-upgrade.md = MyOnion\docs\plan-openapi-swagger-upgrade.md
		MyOnion\docs\plan-performance-security-enhancement.md = MyOnion\docs\plan-performance-security-enhancement.md
		MyOnion\docs\plan-specification-upgrade.md = MyOnion\docs\plan-specification-upgrade.md
		MyOnion\README.md = MyOnion\README.md
		MyOnion\docs\release-notes-10.1.3.md = MyOnion\docs\release-notes-10.1.3.md
		MyOnion\docs\test-coverage-100-percent.md = MyOnion\docs\test-coverage-100-percent.md
		MyOnion\docs\test-email-feature.md = MyOnion\docs\test-email-feature.md
		MyOnion\docs\test-positions-unit-testing.md = MyOnion\docs\test-positions-unit-testing.md
		MyOnion\docs\test-unit-tests-enhancement.md = MyOnion\docs\test-unit-tests-enhancement.md
	EndProjectSection
EndProject
Project("{E53339B2-1760-4266-BCC7-CA923CBCF16C}") = "docker-compose", "MyOnion\docker-compose.dcproj", "{81DDED9D-158B-E303-5F62-77A2896D2A5A}"
EndProject
Global
	GlobalSection(SolutionConfigurationPlatforms) = preSolution
		Debug|Any CPU = Debug|Any CPU
		Debug|x64 = Debug|x64
		Debug|x86 = Debug|x86
		Release|Any CPU = Release|Any CPU
		Release|x64 = Release|x64
		Release|x86 = Release|x86
	EndGlobalSection
	GlobalSection(ProjectConfigurationPlatforms) = postSolution
		{09ED3953-39A7-4036-9ADA-6577D9C70622}.Debug|Any CPU.ActiveCfg = Debug|Any CPU
		{09ED3953-39A7-4036-9ADA-6577D9C70622}.Debug|Any CPU.Build.0 = Debug|Any CPU
		{09ED3953-39A7-4036-9ADA-6577D9C70622}.Debug|x64.ActiveCfg = Debug|Any CPU
		{09ED3953-39A7-4036-9ADA-6577D9C70622}.Debug|x64.Build.0 = Debug|Any CPU
		{09ED3953-39A7-4036-9ADA-6577D9C70622}.Debug|x86.ActiveCfg = Debug|Any CPU
		{09ED3953-39A7-4036-9ADA-6577D9C70622}.Debug|x86.Build.0 = Debug|Any CPU
		{09ED3953-39A7-4036-9ADA-6577D9C70622}.Release|Any CPU.ActiveCfg = Release|Any CPU
		{09ED3953-39A7-4036-9ADA-6577D9C70622}.Release|Any CPU.Build.0 = Release|Any CPU
		{09ED3953-39A7-4036-9ADA-6577D9C70622}.Release|x64.ActiveCfg = Release|Any CPU
		{09ED3953-39A7-4036-9ADA-6577D9C70622}.Release|x64.Build.0 = Release|Any CPU
		{09ED3953-39A7-4036-9ADA-6577D9C70622}.Release|x86.ActiveCfg = Release|Any CPU
		{09ED3953-39A7-4036-9ADA-6577D9C70622}.Release|x86.Build.0 = Release|Any CPU
		{2994F2C3-0613-4F55-BB34-0987A0BBFDD4}.Debug|Any CPU.ActiveCfg = Debug|Any CPU
		{2994F2C3-0613-4F55-BB34-0987A0BBFDD4}.Debug|Any CPU.Build.0 = Debug|Any CPU
		{2994F2C3-0613-4F55-BB34-0987A0BBFDD4}.Debug|x64.ActiveCfg = Debug|Any CPU
		{2994F2C3-0613-4F55-BB34-0987A0BBFDD4}.Debug|x64.Build.0 = Debug|Any CPU
		{2994F2C3-0613-4F55-BB34-0987A0BBFDD4}.Debug|x86.ActiveCfg = Debug|Any CPU
		{2994F2C3-0613-4F55-BB34-0987A0BBFDD4}.Debug|x86.Build.0 = Debug|Any CPU
		{2994F2C3-0613-4F55-BB34-0987A0BBFDD4}.Release|Any CPU.ActiveCfg = Release|Any CPU
		{2994F2C3-0613-4F55-BB34-0987A0BBFDD4}.Release|Any CPU.Build.0 = Release|Any CPU
		{2994F2C3-0613-4F55-BB34-0987A0BBFDD4}.Release|x64.ActiveCfg = Release|Any CPU
		{2994F2C3-0613-4F55-BB34-0987A0BBFDD4}.Release|x64.Build.0 = Release|Any CPU
		{2994F2C3-0613-4F55-BB34-0987A0BBFDD4}.Release|x86.ActiveCfg = Release|Any CPU
		{2994F2C3-0613-4F55-BB34-0987A0BBFDD4}.Release|x86.Build.0 = Release|Any CPU
		{699F5C1F-D117-4FD4-9CF8-EE600B0EB778}.Debug|Any CPU.ActiveCfg = Debug|Any CPU
		{699F5C1F-D117-4FD4-9CF8-EE600B0EB778}.Debug|Any CPU.Build.0 = Debug|Any CPU
		{699F5C1F-D117-4FD4-9CF8-EE600B0EB778}.Debug|x64.ActiveCfg = Debug|Any CPU
		{699F5C1F-D117-4FD4-9CF8-EE600B0EB778}.Debug|x64.Build.0 = Debug|Any CPU
		{699F5C1F-D117-4FD4-9CF8-EE600B0EB778}.Debug|x86.ActiveCfg = Debug|Any CPU
		{699F5C1F-D117-4FD4-9CF8-EE600B0EB778}.Debug|x86.Build.0 = Debug|Any CPU
		{699F5C1F-D117-4FD4-9CF8-EE600B0EB778}.Release|Any CPU.ActiveCfg = Release|Any CPU
		{699F5C1F-D117-4FD4-9CF8-EE600B0EB778}.Release|Any CPU.Build.0 = Release|Any CPU
		{699F5C1F-D117-4FD4-9CF8-EE600B0EB778}.Release|x64.ActiveCfg = Release|Any CPU
		{699F5C1F-D117-4FD4-9CF8-EE600B0EB778}.Release|x64.Build.0 = Release|Any CPU
		{699F5C1F-D117-4FD4-9CF8-EE600B0EB778}.Release|x86.ActiveCfg = Release|Any CPU
		{699F5C1F-D117-4FD4-9CF8-EE600B0EB778}.Release|x86.Build.0 = Release|Any CPU
		{9A33E22A-DA6E-454E-895A-768289FA1119}.Debug|Any CPU.ActiveCfg = Debug|Any CPU
		{9A33E22A-DA6E-454E-895A-768289FA1119}.Debug|Any CPU.Build.0 = Debug|Any CPU
		{9A33E22A-DA6E-454E-895A-768289FA1119}.Debug|x64.ActiveCfg = Debug|Any CPU
		{9A33E22A-DA6E-454E-895A-768289FA1119}.Debug|x64.Build.0 = Debug|Any CPU
		{9A33E22A-DA6E-454E-895A-768289FA1119}.Debug|x86.ActiveCfg = Debug|Any CPU
		{9A33E22A-DA6E-454E-895A-768289FA1119}.Debug|x86.Build.0 = Debug|Any CPU
		{9A33E22A-DA6E-454E-895A-768289FA1119}.Release|Any CPU.ActiveCfg = Release|Any CPU
		{9A33E22A-DA6E-454E-895A-768289FA1119}.Release|Any CPU.Build.0 = Release|Any CPU
		{9A33E22A-DA6E-454E-895A-768289FA1119}.Release|x64.ActiveCfg = Release|Any CPU
		{9A33E22A-DA6E-454E-895A-768289FA1119}.Release|x64.Build.0 = Release|Any CPU
		{9A33E22A-DA6E-454E-895A-768289FA1119}.Release|x86.ActiveCfg = Release|Any CPU
		{9A33E22A-DA6E-454E-895A-768289FA1119}.Release|x86.Build.0 = Release|Any CPU
		{8D2AA125-BECA-414D-AF77-70D55950F380}.Debug|Any CPU.ActiveCfg = Debug|Any CPU
		{8D2AA125-BECA-414D-AF77-70D55950F380}.Debug|Any CPU.Build.0 = Debug|Any CPU
		{8D2AA125-BECA-414D-AF77-70D55950F380}.Debug|x64.ActiveCfg = Debug|Any CPU
		{8D2AA125-BECA-414D-AF77-70D55950F380}.Debug|x64.Build.0 = Debug|Any CPU
		{8D2AA125-BECA-414D-AF77-70D55950F380}.Debug|x86.ActiveCfg = Debug|Any CPU
		{8D2AA125-BECA-414D-AF77-70D55950F380}.Debug|x86.Build.0 = Debug|Any CPU
		{8D2AA125-BECA-414D-AF77-70D55950F380}.Release|Any CPU.ActiveCfg = Release|Any CPU
		{8D2AA125-BECA-414D-AF77-70D55950F380}.Release|Any CPU.Build.0 = Release|Any CPU
		{8D2AA125-BECA-414D-AF77-70D55950F380}.Release|x64.ActiveCfg = Release|Any CPU
		{8D2AA125-BECA-414D-AF77-70D55950F380}.Release|x64.Build.0 = Release|Any CPU
		{8D2AA125-BECA-414D-AF77-70D55950F380}.Release|x86.ActiveCfg = Release|Any CPU
		{8D2AA125-BECA-414D-AF77-70D55950F380}.Release|x86.Build.0 = Release|Any CPU
		{795F5FF7-D863-4F17-8724-AF63171D062B}.Debug|Any CPU.ActiveCfg = Debug|Any CPU
		{795F5FF7-D863-4F17-8724-AF63171D062B}.Debug|Any CPU.Build.0 = Debug|Any CPU
		{795F5FF7-D863-4F17-8724-AF63171D062B}.Debug|x64.ActiveCfg = Debug|Any CPU
		{795F5FF7-D863-4F17-8724-AF63171D062B}.Debug|x64.Build.0 = Debug|Any CPU
		{795F5FF7-D863-4F17-8724-AF63171D062B}.Debug|x86.ActiveCfg = Debug|Any CPU
		{795F5FF7-D863-4F17-8724-AF63171D062B}.Debug|x86.Build.0 = Debug|Any CPU
		{795F5FF7-D863-4F17-8724-AF63171D062B}.Release|Any CPU.ActiveCfg = Release|Any CPU
		{795F5FF7-D863-4F17-8724-AF63171D062B}.Release|Any CPU.Build.0 = Release|Any CPU
		{795F5FF7-D863-4F17-8724-AF63171D062B}.Release|x64.ActiveCfg = Release|Any CPU
		{795F5FF7-D863-4F17-8724-AF63171D062B}.Release|x64.Build.0 = Release|Any CPU
		{795F5FF7-D863-4F17-8724-AF63171D062B}.Release|x86.ActiveCfg = Release|Any CPU
		{795F5FF7-D863-4F17-8724-AF63171D062B}.Release|x86.Build.0 = Release|Any CPU
		{259DDF53-EAE0-4A3A-9E9E-464A4F148C93}.Debug|Any CPU.ActiveCfg = Debug|Any CPU
		{259DDF53-EAE0-4A3A-9E9E-464A4F148C93}.Debug|Any CPU.Build.0 = Debug|Any CPU
		{259DDF53-EAE0-4A3A-9E9E-464A4F148C93}.Debug|x64.ActiveCfg = Debug|Any CPU
		{259DDF53-EAE0-4A3A-9E9E-464A4F148C93}.Debug|x64.Build.0 = Debug|Any CPU
		{259DDF53-EAE0-4A3A-9E9E-464A4F148C93}.Debug|x86.ActiveCfg = Debug|Any CPU
		{259DDF53-EAE0-4A3A-9E9E-464A4F148C93}.Debug|x86.Build.0 = Debug|Any CPU
		{259DDF53-EAE0-4A3A-9E9E-464A4F148C93}.Release|Any CPU.ActiveCfg = Release|Any CPU
		{259DDF53-EAE0-4A3A-9E9E-464A4F148C93}.Release|Any CPU.Build.0 = Release|Any CPU
		{259DDF53-EAE0-4A3A-9E9E-464A4F148C93}.Release|x64.ActiveCfg = Release|Any CPU
		{259DDF53-EAE0-4A3A-9E9E-464A4F148C93}.Release|x64.Build.0 = Release|Any CPU
		{259DDF53-EAE0-4A3A-9E9E-464A4F148C93}.Release|x86.ActiveCfg = Release|Any CPU
		{259DDF53-EAE0-4A3A-9E9E-464A4F148C93}.Release|x86.Build.0 = Release|Any CPU
		{D123FCB2-AA53-45E7-88B8-C81104C57F4C}.Debug|Any CPU.ActiveCfg = Debug|Any CPU
		{D123FCB2-AA53-45E7-88B8-C81104C57F4C}.Debug|Any CPU.Build.0 = Debug|Any CPU
		{D123FCB2-AA53-45E7-88B8-C81104C57F4C}.Debug|x64.ActiveCfg = Debug|Any CPU
		{D123FCB2-AA53-45E7-88B8-C81104C57F4C}.Debug|x64.Build.0 = Debug|Any CPU
		{D123FCB2-AA53-45E7-88B8-C81104C57F4C}.Debug|x86.ActiveCfg = Debug|Any CPU
		{D123FCB2-AA53-45E7-88B8-C81104C57F4C}.Debug|x86.Build.0 = Debug|Any CPU
		{D123FCB2-AA53-45E7-88B8-C81104C57F4C}.Release|Any CPU.ActiveCfg = Release|Any CPU
		{D123FCB2-AA53-45E7-88B8-C81104C57F4C}.Release|Any CPU.Build.0 = Release|Any CPU
		{D123FCB2-AA53-45E7-88B8-C81104C57F4C}.Release|x64.ActiveCfg = Release|Any CPU
		{D123FCB2-AA53-45E7-88B8-C81104C57F4C}.Release|x64.Build.0 = Release|Any CPU
		{D123FCB2-AA53-45E7-88B8-C81104C57F4C}.Release|x86.ActiveCfg = Release|Any CPU
		{D123FCB2-AA53-45E7-88B8-C81104C57F4C}.Release|x86.Build.0 = Release|Any CPU
		{81DDED9D-158B-E303-5F62-77A2896D2A5A}.Debug|Any CPU.ActiveCfg = Debug|Any CPU
		{81DDED9D-158B-E303-5F62-77A2896D2A5A}.Debug|Any CPU.Build.0 = Debug|Any CPU
		{81DDED9D-158B-E303-5F62-77A2896D2A5A}.Debug|x64.ActiveCfg = Debug|Any CPU
		{81DDED9D-158B-E303-5F62-77A2896D2A5A}.Debug|x64.Build.0 = Debug|Any CPU
		{81DDED9D-158B-E303-5F62-77A2896D2A5A}.Debug|x86.ActiveCfg = Debug|Any CPU
		{81DDED9D-158B-E303-5F62-77A2896D2A5A}.Debug|x86.Build.0 = Debug|Any CPU
		{81DDED9D-158B-E303-5F62-77A2896D2A5A}.Release|Any CPU.ActiveCfg = Release|Any CPU
		{81DDED9D-158B-E303-5F62-77A2896D2A5A}.Release|Any CPU.Build.0 = Release|Any CPU
		{81DDED9D-158B-E303-5F62-77A2896D2A5A}.Release|x64.ActiveCfg = Release|Any CPU
		{81DDED9D-158B-E303-5F62-77A2896D2A5A}.Release|x64.Build.0 = Release|Any CPU
		{81DDED9D-158B-E303-5F62-77A2896D2A5A}.Release|x86.ActiveCfg = Release|Any CPU
		{81DDED9D-158B-E303-5F62-77A2896D2A5A}.Release|x86.Build.0 = Release|Any CPU
	EndGlobalSection
	GlobalSection(SolutionProperties) = preSolution
		HideSolutionNode = FALSE
	EndGlobalSection
	GlobalSection(NestedProjects) = preSolution
		{09ED3953-39A7-4036-9ADA-6577D9C70622} = {02EA681E-C7D8-13C7-8484-4AC65E1B71E8}
		{2994F2C3-0613-4F55-BB34-0987A0BBFDD4} = {B8CEAEAA-65A2-4D96-8384-9CCCA8BCD026}
		{699F5C1F-D117-4FD4-9CF8-EE600B0EB778} = {B8CEAEAA-65A2-4D96-8384-9CCCA8BCD026}
		{9A33E22A-DA6E-454E-895A-768289FA1119} = {4A610647-E7D3-4F67-AAC0-616170D1AAFB}
		{8D2AA125-BECA-414D-AF77-70D55950F380} = {4A610647-E7D3-4F67-AAC0-616170D1AAFB}
		{795F5FF7-D863-4F17-8724-AF63171D062B} = {DB82AE70-76E5-D76A-C66A-5F02FE794F50}
		{259DDF53-EAE0-4A3A-9E9E-464A4F148C93} = {DB82AE70-76E5-D76A-C66A-5F02FE794F50}
		{D123FCB2-AA53-45E7-88B8-C81104C57F4C} = {DB82AE70-76E5-D76A-C66A-5F02FE794F50}
		{970105CD-17A1-432B-9380-266245D30F44} = {8EC462FD-D22E-90A8-E5CE-7E832BA40C5D}
		{50A5EEAC-F7BC-4A33-8708-BA75054DC7C7} = {8EC462FD-D22E-90A8-E5CE-7E832BA40C5D}
	EndGlobalSection
	GlobalSection(ExtensibilityGlobals) = postSolution
		SolutionGuid = {1E08DDF8-AD1A-431B-A227-0D56CEC880E1}
	EndGlobalSection
EndGlobal


